
Microsoft Visual Studio Solution File, Format Version 10.00
# Visual Studio 2008
Project("{E24C65DC-7377-472B-9ABA-BC803B73C61A}") = "Sample", ".", "{C43F50C1-5F9B-42D9-BBD8-804ADA472D55}"
	ProjectSection(WebsiteProperties) = preProject
		TargetFramework = "3.5"
		Debug.AspNetCompiler.VirtualPath = "/Sample"
		Debug.AspNetCompiler.PhysicalPath = "..\Sample\"
		Debug.AspNetCompiler.TargetPath = "PrecompiledWeb\Sample\"
		Debug.AspNetCompiler.Updateable = "true"
		Debug.AspNetCompiler.ForceOverwrite = "true"
		Debug.AspNetCompiler.FixedNames = "false"
		Debug.AspNetCompiler.Debug = "True"
		Release.AspNetCompiler.VirtualPath = "/Sample"
		Release.AspNetCompiler.PhysicalPath = "..\Sample\"
		Release.AspNetCompiler.TargetPath = "PrecompiledWeb\Sample\"
		Release.AspNetCompiler.Updateable = "true"
		Release.AspNetCompiler.ForceOverwrite = "true"
		Release.AspNetCompiler.FixedNames = "false"
		Release.AspNetCompiler.Debug = "False"
		VWDPort = "4273"
	EndProjectSection
EndProject
Global
	GlobalSection(SolutionConfigurationPlatforms) = preSolution
		Debug|Any CPU = Debug|Any CPU
	EndGlobalSection
	GlobalSection(ProjectConfigurationPlatforms) = postSolution
		{C43F50C1-5F9B-42D9-BBD8-804ADA472D55}.Debug|Any CPU.ActiveCfg = Debug|Any CPU
		{C43F50C1-5F9B-42D9-BBD8-804ADA472D55}.Debug|Any CPU.Build.0 = Debug|Any CPU
	EndGlobalSection
	GlobalSection(SolutionProperties) = preSolution
		HideSolutionNode = FALSE
	EndGlobalSection
EndGlobal
